// !$*UTF8*$!
{
	archiveVersion = 1;
	classes = {
	};
	objectVersion = 56;
	objects = {

/* Begin PBXBuildFile section */
		C810D71D28F1AAB30065E788 /* AddUrlViewController.swift in Sources */ = {isa = PBXBuildFile; fileRef = C810D71C28F1AAB30065E788 /* AddUrlViewController.swift */; };
		C89D7DB728F8421C00FC6680 /* CheckListViewController.swift in Sources */ = {isa = PBXBuildFile; fileRef = C89D7DB628F8421C00FC6680 /* CheckListViewController.swift */; };
		C8BB5CEC28F0541500E0224A /* SiteListViewController.swift in Sources */ = {isa = PBXBuildFile; fileRef = C8BB5CEB28F0541500E0224A /* SiteListViewController.swift */; };
		C8BB5CEF28F05CA800E0224A /* StorageManager.swift in Sources */ = {isa = PBXBuildFile; fileRef = C8BB5CEE28F05CA800E0224A /* StorageManager.swift */; };
		C8C1680828F4922D001D2F84 /* LinkListViewController.swift in Sources */ = {isa = PBXBuildFile; fileRef = C8C1680728F4922D001D2F84 /* LinkListViewController.swift */; };
		C8DEA89F28F49C2D00DEBCEB /* Extension + UIAlertController.swift in Sources */ = {isa = PBXBuildFile; fileRef = C8DEA89E28F49C2D00DEBCEB /* Extension + UIAlertController.swift */; };
		C8FB8BB528EF16E400FBD9E2 /* AppDelegate.swift in Sources */ = {isa = PBXBuildFile; fileRef = C8FB8BB428EF16E400FBD9E2 /* AppDelegate.swift */; };
		C8FB8BB728EF16E400FBD9E2 /* SceneDelegate.swift in Sources */ = {isa = PBXBuildFile; fileRef = C8FB8BB628EF16E400FBD9E2 /* SceneDelegate.swift */; };
		C8FB8BBC28EF16E400FBD9E2 /* Main.storyboard in Resources */ = {isa = PBXBuildFile; fileRef = C8FB8BBA28EF16E400FBD9E2 /* Main.storyboard */; };
		C8FB8BBE28EF16E500FBD9E2 /* Assets.xcassets in Resources */ = {isa = PBXBuildFile; fileRef = C8FB8BBD28EF16E500FBD9E2 /* Assets.xcassets */; };
		C8FB8BC128EF16E500FBD9E2 /* LaunchScreen.storyboard in Resources */ = {isa = PBXBuildFile; fileRef = C8FB8BBF28EF16E500FBD9E2 /* LaunchScreen.storyboard */; };
		C8FB8BCD28EF17DC00FBD9E2 /* Site.swift in Sources */ = {isa = PBXBuildFile; fileRef = C8FB8BCC28EF17DC00FBD9E2 /* Site.swift */; };
		C8FB8BCF28EF17EC00FBD9E2 /* Link.swift in Sources */ = {isa = PBXBuildFile; fileRef = C8FB8BCE28EF17EC00FBD9E2 /* Link.swift */; };
		C8FB8BD128EF182900FBD9E2 /* Check.swift in Sources */ = {isa = PBXBuildFile; fileRef = C8FB8BD028EF182900FBD9E2 /* Check.swift */; };
		C8FB8BD428EF18E400FBD9E2 /* Realm in Frameworks */ = {isa = PBXBuildFile; productRef = C8FB8BD328EF18E400FBD9E2 /* Realm */; };
		C8FB8BD628EF18E400FBD9E2 /* RealmSwift in Frameworks */ = {isa = PBXBuildFile; productRef = C8FB8BD528EF18E400FBD9E2 /* RealmSwift */; };
/* End PBXBuildFile section */

/* Begin PBXFileReference section */
		C810D71C28F1AAB30065E788 /* AddUrlViewController.swift */ = {isa = PBXFileReference; lastKnownFileType = sourcecode.swift; path = AddUrlViewController.swift; sourceTree = "<group>"; };
		C89D7DB628F8421C00FC6680 /* CheckListViewController.swift */ = {isa = PBXFileReference; lastKnownFileType = sourcecode.swift; path = CheckListViewController.swift; sourceTree = "<group>"; };
		C8BB5CEB28F0541500E0224A /* SiteListViewController.swift */ = {isa = PBXFileReference; lastKnownFileType = sourcecode.swift; path = SiteListViewController.swift; sourceTree = "<group>"; };
		C8BB5CEE28F05CA800E0224A /* StorageManager.swift */ = {isa = PBXFileReference; lastKnownFileType = sourcecode.swift; path = StorageManager.swift; sourceTree = "<group>"; };
		C8C1680728F4922D001D2F84 /* LinkListViewController.swift */ = {isa = PBXFileReference; lastKnownFileType = sourcecode.swift; path = LinkListViewController.swift; sourceTree = "<group>"; };
		C8DEA89E28F49C2D00DEBCEB /* Extension + UIAlertController.swift */ = {isa = PBXFileReference; lastKnownFileType = sourcecode.swift; path = "Extension + UIAlertController.swift"; sourceTree = "<group>"; };
		C8FB8BB128EF16E400FBD9E2 /* MySiteOk.app */ = {isa = PBXFileReference; explicitFileType = wrapper.application; includeInIndex = 0; path = MySiteOk.app; sourceTree = BUILT_PRODUCTS_DIR; };
		C8FB8BB428EF16E400FBD9E2 /* AppDelegate.swift */ = {isa = PBXFileReference; lastKnownFileType = sourcecode.swift; path = AppDelegate.swift; sourceTree = "<group>"; };
		C8FB8BB628EF16E400FBD9E2 /* SceneDelegate.swift */ = {isa = PBXFileReference; lastKnownFileType = sourcecode.swift; path = SceneDelegate.swift; sourceTree = "<group>"; };
		C8FB8BBB28EF16E400FBD9E2 /* Base */ = {isa = PBXFileReference; lastKnownFileType = file.storyboard; name = Base; path = Base.lproj/Main.storyboard; sourceTree = "<group>"; };
		C8FB8BBD28EF16E500FBD9E2 /* Assets.xcassets */ = {isa = PBXFileReference; lastKnownFileType = folder.assetcatalog; path = Assets.xcassets; sourceTree = "<group>"; };
		C8FB8BC028EF16E500FBD9E2 /* Base */ = {isa = PBXFileReference; lastKnownFileType = file.storyboard; name = Base; path = Base.lproj/LaunchScreen.storyboard; sourceTree = "<group>"; };
		C8FB8BC228EF16E500FBD9E2 /* Info.plist */ = {isa = PBXFileReference; lastKnownFileType = text.plist.xml; path = Info.plist; sourceTree = "<group>"; };
		C8FB8BCC28EF17DC00FBD9E2 /* Site.swift */ = {isa = PBXFileReference; lastKnownFileType = sourcecode.swift; path = Site.swift; sourceTree = "<group>"; };
		C8FB8BCE28EF17EC00FBD9E2 /* Link.swift */ = {isa = PBXFileReference; lastKnownFileType = sourcecode.swift; path = Link.swift; sourceTree = "<group>"; };
		C8FB8BD028EF182900FBD9E2 /* Check.swift */ = {isa = PBXFileReference; lastKnownFileType = sourcecode.swift; path = Check.swift; sourceTree = "<group>"; };
/* End PBXFileReference section */

/* Begin PBXFrameworksBuildPhase section */
		C8FB8BAE28EF16E400FBD9E2 /* Frameworks */ = {
			isa = PBXFrameworksBuildPhase;
			buildActionMask = 2147483647;
			files = (
				C8FB8BD628EF18E400FBD9E2 /* RealmSwift in Frameworks */,
				C8FB8BD428EF18E400FBD9E2 /* Realm in Frameworks */,
			);
			runOnlyForDeploymentPostprocessing = 0;
		};
/* End PBXFrameworksBuildPhase section */

/* Begin PBXGroup section */
		C8BB5CED28F05C9500E0224A /* Services */ = {
			isa = PBXGroup;
			children = (
				C8BB5CEE28F05CA800E0224A /* StorageManager.swift */,
			);
			path = Services;
			sourceTree = "<group>";
		};
		C8DEA89D28F49C0E00DEBCEB /* Extensions */ = {
			isa = PBXGroup;
			children = (
				C8DEA89E28F49C2D00DEBCEB /* Extension + UIAlertController.swift */,
			);
			path = Extensions;
			sourceTree = "<group>";
		};
		C8FB8BA828EF16E400FBD9E2 = {
			isa = PBXGroup;
			children = (
				C8FB8BB328EF16E400FBD9E2 /* MySiteOk */,
				C8FB8BB228EF16E400FBD9E2 /* Products */,
			);
			sourceTree = "<group>";
		};
		C8FB8BB228EF16E400FBD9E2 /* Products */ = {
			isa = PBXGroup;
			children = (
				C8FB8BB128EF16E400FBD9E2 /* MySiteOk.app */,
			);
			name = Products;
			sourceTree = "<group>";
		};
		C8FB8BB328EF16E400FBD9E2 /* MySiteOk */ = {
			isa = PBXGroup;
			children = (
				C8DEA89D28F49C0E00DEBCEB /* Extensions */,
				C8BB5CED28F05C9500E0224A /* Services */,
				C8FB8BC828EF171800FBD9E2 /* Models */,
				C8FB8BCB28EF176A00FBD9E2 /* SupportFiles */,
				C8FB8BC928EF174100FBD9E2 /* ViewControllers */,
				C8FB8BCA28EF175500FBD9E2 /* Storyboards */,
				C8FB8BC228EF16E500FBD9E2 /* Info.plist */,
			);
			path = MySiteOk;
			sourceTree = "<group>";
		};
		C8FB8BC828EF171800FBD9E2 /* Models */ = {
			isa = PBXGroup;
			children = (
				C8FB8BCC28EF17DC00FBD9E2 /* Site.swift */,
				C8FB8BCE28EF17EC00FBD9E2 /* Link.swift */,
				C8FB8BD028EF182900FBD9E2 /* Check.swift */,
			);
			path = Models;
			sourceTree = "<group>";
		};
		C8FB8BC928EF174100FBD9E2 /* ViewControllers */ = {
			isa = PBXGroup;
			children = (
				C8BB5CEB28F0541500E0224A /* SiteListViewController.swift */,
				C810D71C28F1AAB30065E788 /* AddUrlViewController.swift */,
				C8C1680728F4922D001D2F84 /* LinkListViewController.swift */,
				C89D7DB628F8421C00FC6680 /* CheckListViewController.swift */,
			);
			path = ViewControllers;
			sourceTree = "<group>";
		};
		C8FB8BCA28EF175500FBD9E2 /* Storyboards */ = {
			isa = PBXGroup;
			children = (
				C8FB8BBA28EF16E400FBD9E2 /* Main.storyboard */,
				C8FB8BBF28EF16E500FBD9E2 /* LaunchScreen.storyboard */,
			);
			path = Storyboards;
			sourceTree = "<group>";
		};
		C8FB8BCB28EF176A00FBD9E2 /* SupportFiles */ = {
			isa = PBXGroup;
			children = (
				C8FB8BBD28EF16E500FBD9E2 /* Assets.xcassets */,
				C8FB8BB428EF16E400FBD9E2 /* AppDelegate.swift */,
				C8FB8BB628EF16E400FBD9E2 /* SceneDelegate.swift */,
			);
			path = SupportFiles;
			sourceTree = "<group>";
		};
/* End PBXGroup section */

/* Begin PBXNativeTarget section */
		C8FB8BB028EF16E400FBD9E2 /* MySiteOk */ = {
			isa = PBXNativeTarget;
			buildConfigurationList = C8FB8BC528EF16E500FBD9E2 /* Build configuration list for PBXNativeTarget "MySiteOk" */;
			buildPhases = (
				C8FB8BAD28EF16E400FBD9E2 /* Sources */,
				C8FB8BAE28EF16E400FBD9E2 /* Frameworks */,
				C8FB8BAF28EF16E400FBD9E2 /* Resources */,
			);
			buildRules = (
			);
			dependencies = (
			);
			name = MySiteOk;
			packageProductDependencies = (
				C8FB8BD328EF18E400FBD9E2 /* Realm */,
				C8FB8BD528EF18E400FBD9E2 /* RealmSwift */,
			);
			productName = MySiteOk;
			productReference = C8FB8BB128EF16E400FBD9E2 /* MySiteOk.app */;
			productType = "com.apple.product-type.application";
		};
/* End PBXNativeTarget section */

/* Begin PBXProject section */
		C8FB8BA928EF16E400FBD9E2 /* Project object */ = {
			isa = PBXProject;
			attributes = {
				BuildIndependentTargetsInParallel = 1;
				LastSwiftUpdateCheck = 1400;
				LastUpgradeCheck = 1400;
				TargetAttributes = {
					C8FB8BB028EF16E400FBD9E2 = {
						CreatedOnToolsVersion = 14.0.1;
					};
				};
			};
			buildConfigurationList = C8FB8BAC28EF16E400FBD9E2 /* Build configuration list for PBXProject "MySiteOk" */;
			compatibilityVersion = "Xcode 14.0";
			developmentRegion = en;
			hasScannedForEncodings = 0;
			knownRegions = (
				en,
				Base,
			);
			mainGroup = C8FB8BA828EF16E400FBD9E2;
			packageReferences = (
				C8FB8BD228EF18E400FBD9E2 /* XCRemoteSwiftPackageReference "realm-swift" */,
			);
			productRefGroup = C8FB8BB228EF16E400FBD9E2 /* Products */;
			projectDirPath = "";
			projectRoot = "";
			targets = (
				C8FB8BB028EF16E400FBD9E2 /* MySiteOk */,
			);
		};
/* End PBXProject section */

/* Begin PBXResourcesBuildPhase section */
		C8FB8BAF28EF16E400FBD9E2 /* Resources */ = {
			isa = PBXResourcesBuildPhase;
			buildActionMask = 2147483647;
			files = (
				C8FB8BC128EF16E500FBD9E2 /* LaunchScreen.storyboard in Resources */,
				C8FB8BBE28EF16E500FBD9E2 /* Assets.xcassets in Resources */,
				C8FB8BBC28EF16E400FBD9E2 /* Main.storyboard in Resources */,
			);
			runOnlyForDeploymentPostprocessing = 0;
		};
/* End PBXResourcesBuildPhase section */

/* Begin PBXSourcesBuildPhase section */
		C8FB8BAD28EF16E400FBD9E2 /* Sources */ = {
			isa = PBXSourcesBuildPhase;
			buildActionMask = 2147483647;
			files = (
				C89D7DB728F8421C00FC6680 /* CheckListViewController.swift in Sources */,
				C810D71D28F1AAB30065E788 /* AddUrlViewController.swift in Sources */,
				C8FB8BB528EF16E400FBD9E2 /* AppDelegate.swift in Sources */,
				C8FB8BD128EF182900FBD9E2 /* Check.swift in Sources */,
				C8FB8BCD28EF17DC00FBD9E2 /* Site.swift in Sources */,
				C8BB5CEF28F05CA800E0224A /* StorageManager.swift in Sources */,
				C8C1680828F4922D001D2F84 /* LinkListViewController.swift in Sources */,
				C8DEA89F28F49C2D00DEBCEB /* Extension + UIAlertController.swift in Sources */,
				C8FB8BB728EF16E400FBD9E2 /* SceneDelegate.swift in Sources */,
				C8FB8BCF28EF17EC00FBD9E2 /* Link.swift in Sources */,
				C8BB5CEC28F0541500E0224A /* SiteListViewController.swift in Sources */,
			);
			runOnlyForDeploymentPostprocessing = 0;
		};
/* End PBXSourcesBuildPhase section */

/* Begin PBXVariantGroup section */
		C8FB8BBA28EF16E400FBD9E2 /* Main.storyboard */ = {
			isa = PBXVariantGroup;
			children = (
				C8FB8BBB28EF16E400FBD9E2 /* Base */,
			);
			name = Main.storyboard;
			sourceTree = "<group>";
		};
		C8FB8BBF28EF16E500FBD9E2 /* LaunchScreen.storyboard */ = {
			isa = PBXVariantGroup;
			children = (
				C8FB8BC028EF16E500FBD9E2 /* Base */,
			);
			name = LaunchScreen.storyboard;
			sourceTree = "<group>";
		};
/* End PBXVariantGroup section */

/* Begin XCBuildConfiguration section */
		C8FB8BC328EF16E500FBD9E2 /* Debug */ = {
			isa = XCBuildConfiguration;
			buildSettings = {
				ALWAYS_SEARCH_USER_PATHS = NO;
				CLANG_ANALYZER_NONNULL = YES;
				CLANG_ANALYZER_NUMBER_OBJECT_CONVERSION = YES_AGGRESSIVE;
				CLANG_CXX_LANGUAGE_STANDARD = "gnu++20";
				CLANG_ENABLE_MODULES = YES;
				CLANG_ENABLE_OBJC_ARC = YES;
				CLANG_ENABLE_OBJC_WEAK = YES;
				CLANG_WARN_BLOCK_CAPTURE_AUTORELEASING = YES;
				CLANG_WARN_BOOL_CONVERSION = YES;
				CLANG_WARN_COMMA = YES;
				CLANG_WARN_CONSTANT_CONVERSION = YES;
				CLANG_WARN_DEPRECATED_OBJC_IMPLEMENTATIONS = YES;
				CLANG_WARN_DIRECT_OBJC_ISA_USAGE = YES_ERROR;
				CLANG_WARN_DOCUMENTATION_COMMENTS = YES;
				CLANG_WARN_EMPTY_BODY = YES;
				CLANG_WARN_ENUM_CONVERSION = YES;
				CLANG_WARN_INFINITE_RECURSION = YES;
				CLANG_WARN_INT_CONVERSION = YES;
				CLANG_WARN_NON_LITERAL_NULL_CONVERSION = YES;
				CLANG_WARN_OBJC_IMPLICIT_RETAIN_SELF = YES;
				CLANG_WARN_OBJC_LITERAL_CONVERSION = YES;
				CLANG_WARN_OBJC_ROOT_CLASS = YES_ERROR;
				CLANG_WARN_QUOTED_INCLUDE_IN_FRAMEWORK_HEADER = YES;
				CLANG_WARN_RANGE_LOOP_ANALYSIS = YES;
				CLANG_WARN_STRICT_PROTOTYPES = YES;
				CLANG_WARN_SUSPICIOUS_MOVE = YES;
				CLANG_WARN_UNGUARDED_AVAILABILITY = YES_AGGRESSIVE;
				CLANG_WARN_UNREACHABLE_CODE = YES;
				CLANG_WARN__DUPLICATE_METHOD_MATCH = YES;
				COPY_PHASE_STRIP = NO;
				DEBUG_INFORMATION_FORMAT = dwarf;
				ENABLE_STRICT_OBJC_MSGSEND = YES;
				ENABLE_TESTABILITY = YES;
				GCC_C_LANGUAGE_STANDARD = gnu11;
				GCC_DYNAMIC_NO_PIC = NO;
				GCC_NO_COMMON_BLOCKS = YES;
				GCC_OPTIMIZATION_LEVEL = 0;
				GCC_PREPROCESSOR_DEFINITIONS = (
					"DEBUG=1",
					"$(inherited)",
				);
				GCC_WARN_64_TO_32_BIT_CONVERSION = YES;
				GCC_WARN_ABOUT_RETURN_TYPE = YES_ERROR;
				GCC_WARN_UNDECLARED_SELECTOR = YES;
				GCC_WARN_UNINITIALIZED_AUTOS = YES_AGGRESSIVE;
				GCC_WARN_UNUSED_FUNCTION = YES;
				GCC_WARN_UNUSED_VARIABLE = YES;
				IPHONEOS_DEPLOYMENT_TARGET = 16.0;
				MTL_ENABLE_DEBUG_INFO = INCLUDE_SOURCE;
				MTL_FAST_MATH = YES;
				ONLY_ACTIVE_ARCH = YES;
				SDKROOT = iphoneos;
				SWIFT_ACTIVE_COMPILATION_CONDITIONS = DEBUG;
				SWIFT_OPTIMIZATION_LEVEL = "-Onone";
			};
			name = Debug;
		};
		C8FB8BC428EF16E500FBD9E2 /* Release */ = {
			isa = XCBuildConfiguration;
			buildSettings = {
				ALWAYS_SEARCH_USER_PATHS = NO;
				CLANG_ANALYZER_NONNULL = YES;
				CLANG_ANALYZER_NUMBER_OBJECT_CONVERSION = YES_AGGRESSIVE;
				CLANG_CXX_LANGUAGE_STANDARD = "gnu++20";
				CLANG_ENABLE_MODULES = YES;
				CLANG_ENABLE_OBJC_ARC = YES;
				CLANG_ENABLE_OBJC_WEAK = YES;
				CLANG_WARN_BLOCK_CAPTURE_AUTORELEASING = YES;
				CLANG_WARN_BOOL_CONVERSION = YES;
				CLANG_WARN_COMMA = YES;
				CLANG_WARN_CONSTANT_CONVERSION = YES;
				CLANG_WARN_DEPRECATED_OBJC_IMPLEMENTATIONS = YES;
				CLANG_WARN_DIRECT_OBJC_ISA_USAGE = YES_ERROR;
				CLANG_WARN_DOCUMENTATION_COMMENTS = YES;
				CLANG_WARN_EMPTY_BODY = YES;
				CLANG_WARN_ENUM_CONVERSION = YES;
				CLANG_WARN_INFINITE_RECURSION = YES;
				CLANG_WARN_INT_CONVERSION = YES;
				CLANG_WARN_NON_LITERAL_NULL_CONVERSION = YES;
				CLANG_WARN_OBJC_IMPLICIT_RETAIN_SELF = YES;
				CLANG_WARN_OBJC_LITERAL_CONVERSION = YES;
				CLANG_WARN_OBJC_ROOT_CLASS = YES_ERROR;
				CLANG_WARN_QUOTED_INCLUDE_IN_FRAMEWORK_HEADER = YES;
				CLANG_WARN_RANGE_LOOP_ANALYSIS = YES;
				CLANG_WARN_STRICT_PROTOTYPES = YES;
				CLANG_WARN_SUSPICIOUS_MOVE = YES;
				CLANG_WARN_UNGUARDED_AVAILABILITY = YES_AGGRESSIVE;
				CLANG_WARN_UNREACHABLE_CODE = YES;
				CLANG_WARN__DUPLICATE_METHOD_MATCH = YES;
				COPY_PHASE_STRIP = NO;
				DEBUG_INFORMATION_FORMAT = "dwarf-with-dsym";
				ENABLE_NS_ASSERTIONS = NO;
				ENABLE_STRICT_OBJC_MSGSEND = YES;
				GCC_C_LANGUAGE_STANDARD = gnu11;
				GCC_NO_COMMON_BLOCKS = YES;
				GCC_WARN_64_TO_32_BIT_CONVERSION = YES;
				GCC_WARN_ABOUT_RETURN_TYPE = YES_ERROR;
				GCC_WARN_UNDECLARED_SELECTOR = YES;
				GCC_WARN_UNINITIALIZED_AUTOS = YES_AGGRESSIVE;
				GCC_WARN_UNUSED_FUNCTION = YES;
				GCC_WARN_UNUSED_VARIABLE = YES;
				IPHONEOS_DEPLOYMENT_TARGET = 16.0;
				MTL_ENABLE_DEBUG_INFO = NO;
				MTL_FAST_MATH = YES;
				SDKROOT = iphoneos;
				SWIFT_COMPILATION_MODE = wholemodule;
				SWIFT_OPTIMIZATION_LEVEL = "-O";
				VALIDATE_PRODUCT = YES;
			};
			name = Release;
		};
		C8FB8BC628EF16E500FBD9E2 /* Debug */ = {
			isa = XCBuildConfiguration;
			buildSettings = {
				ASSETCATALOG_COMPILER_APPICON_NAME = AppIcon;
				ASSETCATALOG_COMPILER_GLOBAL_ACCENT_COLOR_NAME = AccentColor;
				CODE_SIGN_STYLE = Automatic;
				CURRENT_PROJECT_VERSION = 1;
				DEVELOPMENT_TEAM = 7BLV8N5RUN;
				GENERATE_INFOPLIST_FILE = YES;
				INFOPLIST_FILE = MySiteOk/Info.plist;
				INFOPLIST_KEY_UIApplicationSupportsIndirectInputEvents = YES;
				INFOPLIST_KEY_UILaunchStoryboardName = LaunchScreen;
				INFOPLIST_KEY_UIMainStoryboardFile = Main;
				INFOPLIST_KEY_UISupportedInterfaceOrientations_iPad = "UIInterfaceOrientationPortrait UIInterfaceOrientationPortraitUpsideDown UIInterfaceOrientationLandscapeLeft UIInterfaceOrientationLandscapeRight";
				INFOPLIST_KEY_UISupportedInterfaceOrientations_iPhone = "UIInterfaceOrientationPortrait UIInterfaceOrientationLandscapeLeft UIInterfaceOrientationLandscapeRight";
				IPHONEOS_DEPLOYMENT_TARGET = 16.0;
				LD_RUNPATH_SEARCH_PATHS = (
					"$(inherited)",
					"@executable_path/Frameworks",
				);
				MARKETING_VERSION = 1.0;
				PRODUCT_BUNDLE_IDENTIFIER = com.yammycode.MySiteOk;
				PRODUCT_NAME = "$(TARGET_NAME)";
				SWIFT_EMIT_LOC_STRINGS = YES;
				SWIFT_VERSION = 5.0;
				TARGETED_DEVICE_FAMILY = "1,2";
			};
			name = Debug;
		};
		C8FB8BC728EF16E500FBD9E2 /* Release */ = {
			isa = XCBuildConfiguration;
			buildSettings = {
				ASSETCATALOG_COMPILER_APPICON_NAME = AppIcon;
				ASSETCATALOG_COMPILER_GLOBAL_ACCENT_COLOR_NAME = AccentColor;
				CODE_SIGN_STYLE = Automatic;
				CURRENT_PROJECT_VERSION = 1;
				DEVELOPMENT_TEAM = 7BLV8N5RUN;
				GENERATE_INFOPLIST_FILE = YES;
				INFOPLIST_FILE = MySiteOk/Info.plist;
				INFOPLIST_KEY_UIApplicationSupportsIndirectInputEvents = YES;
				INFOPLIST_KEY_UILaunchStoryboardName = LaunchScreen;
				INFOPLIST_KEY_UIMainStoryboardFile = Main;
				INFOPLIST_KEY_UISupportedInterfaceOrientations_iPad = "UIInterfaceOrientationPortrait UIInterfaceOrientationPortraitUpsideDown UIInterfaceOrientationLandscapeLeft UIInterfaceOrientationLandscapeRight";
				INFOPLIST_KEY_UISupportedInterfaceOrientations_iPhone = "UIInterfaceOrientationPortrait UIInterfaceOrientationLandscapeLeft UIInterfaceOrientationLandscapeRight";
				IPHONEOS_DEPLOYMENT_TARGET = 16.0;
				LD_RUNPATH_SEARCH_PATHS = (
					"$(inherited)",
					"@executable_path/Frameworks",
				);
				MARKETING_VERSION = 1.0;
				PRODUCT_BUNDLE_IDENTIFIER = com.yammycode.MySiteOk;
				PRODUCT_NAME = "$(TARGET_NAME)";
				SWIFT_EMIT_LOC_STRINGS = YES;
				SWIFT_VERSION = 5.0;
				TARGETED_DEVICE_FAMILY = "1,2";
			};
			name = Release;
		};
/* End XCBuildConfiguration section */

/* Begin XCConfigurationList section */
		C8FB8BAC28EF16E400FBD9E2 /* Build configuration list for PBXProject "MySiteOk" */ = {
			isa = XCConfigurationList;
			buildConfigurations = (
				C8FB8BC328EF16E500FBD9E2 /* Debug */,
				C8FB8BC428EF16E500FBD9E2 /* Release */,
			);
			defaultConfigurationIsVisible = 0;
			defaultConfigurationName = Release;
		};
		C8FB8BC528EF16E500FBD9E2 /* Build configuration list for PBXNativeTarget "MySiteOk" */ = {
			isa = XCConfigurationList;
			buildConfigurations = (
				C8FB8BC628EF16E500FBD9E2 /* Debug */,
				C8FB8BC728EF16E500FBD9E2 /* Release */,
			);
			defaultConfigurationIsVisible = 0;
			defaultConfigurationName = Release;
		};
/* End XCConfigurationList section */

/* Begin XCRemoteSwiftPackageReference section */
		C8FB8BD228EF18E400FBD9E2 /* XCRemoteSwiftPackageReference "realm-swift" */ = {
			isa = XCRemoteSwiftPackageReference;
			repositoryURL = "https://github.com/realm/realm-swift.git";
			requirement = {
				kind = upToNextMajorVersion;
				minimumVersion = 10.31.0;
			};
		};
/* End XCRemoteSwiftPackageReference section */

/* Begin XCSwiftPackageProductDependency section */
		C8FB8BD328EF18E400FBD9E2 /* Realm */ = {
			isa = XCSwiftPackageProductDependency;
			package = C8FB8BD228EF18E400FBD9E2 /* XCRemoteSwiftPackageReference "realm-swift" */;
			productName = Realm;
		};
		C8FB8BD528EF18E400FBD9E2 /* RealmSwift */ = {
			isa = XCSwiftPackageProductDependency;
			package = C8FB8BD228EF18E400FBD9E2 /* XCRemoteSwiftPackageReference "realm-swift" */;
			productName = RealmSwift;
		};
/* End XCSwiftPackageProductDependency section */
	};
	rootObject = C8FB8BA928EF16E400FBD9E2 /* Project object */;
}
